
Microsoft Visual Studio Solution File, Format Version 12.00
# Visual Studio 15
Project("{FAE04EC0-301F-11D3-BF4B-00C04F79EFBC}") = "UnityEngine.UI", "UnityEngine.UI.csproj", "{D1D91E46-12B6-86C2-ACB1-10FC5444E34A}"
EndProject
Project("{FAE04EC0-301F-11D3-BF4B-00C04F79EFBC}") = "UnityEngine.TestRunner", "UnityEngine.TestRunner.csproj", "{4EF64306-5A08-FF9F-E85C-C09BAE2E5CBB}"
EndProject
Project("{FAE04EC0-301F-11D3-BF4B-00C04F79EFBC}") = "Unity.Mathematics", "Unity.Mathematics.csproj", "{320C202C-EC42-18D1-43DD-BEAD70C8A41A}"
EndProject
Project("{FAE04EC0-301F-11D3-BF4B-00C04F79EFBC}") = "Assembly-CSharp", "Assembly-CSharp.csproj", "{F802AC32-76E5-1B54-0BA0-9E6C80D7AD1F}"
EndProject
Project("{FAE04EC0-301F-11D3-BF4B-00C04F79EFBC}") = "PlayFab", "PlayFab.csproj", "{60E4F174-EFD9-7DC5-A846-F142643F37DF}"
EndProject
Project("{FAE04EC0-301F-11D3-BF4B-00C04F79EFBC}") = "Unity.Timeline", "Unity.Timeline.csproj", "{63C9259E-6374-1058-3FCF-3C4036D36432}"
EndProject
Project("{FAE04EC0-301F-11D3-BF4B-00C04F79EFBC}") = "Assembly-CSharp-firstpass", "Assembly-CSharp-firstpass.csproj", "{A7E5DFC4-32B9-0C88-2C90-CECD4369F60A}"
EndProject
Project("{FAE04EC0-301F-11D3-BF4B-00C04F79EFBC}") = "Unity.2D.Animation.Triangle.Runtime", "Unity.2D.Animation.Triangle.Runtime.csproj", "{FDDF4690-8B7F-4B2E-692E-8B2F46224FF4}"
EndProject
Project("{FAE04EC0-301F-11D3-BF4B-00C04F79EFBC}") = "Unity.TextMeshPro", "Unity.TextMeshPro.csproj", "{6F59752B-09C5-E8E1-7EAE-FCC90BACC99D}"
EndProject
Project("{FAE04EC0-301F-11D3-BF4B-00C04F79EFBC}") = "Unity.2D.Animation.Runtime", "Unity.2D.Animation.Runtime.csproj", "{7D924F93-CA9F-6C3C-8219-3B16B3B23EF5}"
EndProject
Project("{FAE04EC0-301F-11D3-BF4B-00C04F79EFBC}") = "Unity.2D.IK.Runtime", "Unity.2D.IK.Runtime.csproj", "{4492686C-DE85-E3B9-A36C-374F249F4B6A}"
EndProject
Project("{FAE04EC0-301F-11D3-BF4B-00C04F79EFBC}") = "Unity.2D.SpriteShape.Runtime", "Unity.2D.SpriteShape.Runtime.csproj", "{A2A83786-3E56-D04C-822E-64192CF031B8}"
EndProject
Project("{FAE04EC0-301F-11D3-BF4B-00C04F79EFBC}") = "Unity.2D.PixelPerfect", "Unity.2D.PixelPerfect.csproj", "{BEF432A4-F197-6072-064B-80FA23C10A52}"
EndProject
Project("{FAE04EC0-301F-11D3-BF4B-00C04F79EFBC}") = "Unity.2D.Common.Runtime", "Unity.2D.Common.Runtime.csproj", "{4E9EB2BB-4464-C9BB-7DB4-95070282CFCB}"
EndProject
Project("{FAE04EC0-301F-11D3-BF4B-00C04F79EFBC}") = "Unity.InternalAPIEngineBridge.001", "Unity.InternalAPIEngineBridge.001.csproj", "{3CFE0B34-2BA4-42DD-37A2-EA93C7ECBA68}"
EndProject
Project("{FAE04EC0-301F-11D3-BF4B-00C04F79EFBC}") = "UnityEditor.TestRunner", "UnityEditor.TestRunner.csproj", "{47BB001E-1B2B-F768-53D3-F77706BC48B2}"
EndProject
Project("{FAE04EC0-301F-11D3-BF4B-00C04F79EFBC}") = "Unity.PlasticSCM.Editor", "Unity.PlasticSCM.Editor.csproj", "{07C96C88-F99A-9C7B-FFFD-6221EDBB587F}"
EndProject
Project("{FAE04EC0-301F-11D3-BF4B-00C04F79EFBC}") = "UnityEditor.UI", "UnityEditor.UI.csproj", "{CD9F7A18-6134-44EC-DE92-21B4443C640C}"
EndProject
Project("{FAE04EC0-301F-11D3-BF4B-00C04F79EFBC}") = "Unity.Services.Core.Editor", "Unity.Services.Core.Editor.csproj", "{06B4C04B-6240-73D4-8832-C43DD3E5545C}"
EndProject
Project("{FAE04EC0-301F-11D3-BF4B-00C04F79EFBC}") = "Unity.Timeline.Editor", "Unity.Timeline.Editor.csproj", "{4E669AFD-0EDC-C71A-55AA-AB2BE159BCC9}"
EndProject
Project("{FAE04EC0-301F-11D3-BF4B-00C04F79EFBC}") = "Unity.VisualStudio.Editor", "Unity.VisualStudio.Editor.csproj", "{B02779D2-E39F-1E96-56B8-4E844C1D3BD3}"
EndProject
Project("{FAE04EC0-301F-11D3-BF4B-00C04F79EFBC}") = "PlayFabEditorExtensions", "PlayFabEditorExtensions.csproj", "{AD4D81AD-65C6-3576-D9AB-F2D2DE089EC2}"
EndProject
Project("{FAE04EC0-301F-11D3-BF4B-00C04F79EFBC}") = "Unity.2D.Psdimporter.Editor", "Unity.2D.Psdimporter.Editor.csproj", "{D11B31A9-EDEA-D9A1-31DB-6A9A1CB6C05A}"
EndProject
Project("{FAE04EC0-301F-11D3-BF4B-00C04F79EFBC}") = "Unity.2D.Animation.Editor", "Unity.2D.Animation.Editor.csproj", "{7D42C22C-A8CA-CF62-9562-3B4D7A149515}"
EndProject
Project("{FAE04EC0-301F-11D3-BF4B-00C04F79EFBC}") = "Unity.TextMeshPro.Editor", "Unity.TextMeshPro.Editor.csproj", "{F815DDC3-B75B-32FF-0E39-03BECE0C9B0A}"
EndProject
Project("{FAE04EC0-301F-11D3-BF4B-00C04F79EFBC}") = "Unity.2D.SpriteShape.Editor", "Unity.2D.SpriteShape.Editor.csproj", "{D6488845-5B61-88F3-DF41-CF8CAF2F0D14}"
EndProject
Project("{FAE04EC0-301F-11D3-BF4B-00C04F79EFBC}") = "Unity.CollabProxy.Editor", "Unity.CollabProxy.Editor.csproj", "{1FCBB888-54FB-F958-25F1-F9C89CD44E33}"
EndProject
Project("{FAE04EC0-301F-11D3-BF4B-00C04F79EFBC}") = "PsdPlugin", "PsdPlugin.csproj", "{F59BCF37-05D6-42CC-997C-DF0F15A6A626}"
EndProject
Project("{FAE04EC0-301F-11D3-BF4B-00C04F79EFBC}") = "Unity.2D.Path.Editor", "Unity.2D.Path.Editor.csproj", "{FA2DFE2A-E96D-D125-A9E6-779E0CC3C23B}"
EndProject
Project("{FAE04EC0-301F-11D3-BF4B-00C04F79EFBC}") = "Unity.Rider.Editor", "Unity.Rider.Editor.csproj", "{C06C4B90-D8C8-A18A-38FD-4AC9CCECA16D}"
EndProject
Project("{FAE04EC0-301F-11D3-BF4B-00C04F79EFBC}") = "Unity.2D.IK.Editor", "Unity.2D.IK.Editor.csproj", "{9EF46DD2-0A52-EFDA-54F9-59FC17E10A1D}"
EndProject
Project("{FAE04EC0-301F-11D3-BF4B-00C04F79EFBC}") = "Unity.2D.Sprite.Editor", "Unity.2D.Sprite.Editor.csproj", "{47D6CD63-EE1C-32FA-CB1D-9DD0A6DBE356}"
EndProject
Project("{FAE04EC0-301F-11D3-BF4B-00C04F79EFBC}") = "Unity.2D.Tilemap.Editor", "Unity.2D.Tilemap.Editor.csproj", "{74A1126F-CA43-5791-90D2-8203759EDDBE}"
EndProject
Project("{FAE04EC0-301F-11D3-BF4B-00C04F79EFBC}") = "Unity.2D.PixelPerfect.Editor", "Unity.2D.PixelPerfect.Editor.csproj", "{614D16EC-CD2D-C8D5-206D-FACEE47C2FFA}"
EndProject
Project("{FAE04EC0-301F-11D3-BF4B-00C04F79EFBC}") = "Unity.VSCode.Editor", "Unity.VSCode.Editor.csproj", "{6E2B1B75-A261-655F-4115-15DE2549163C}"
EndProject
Project("{FAE04EC0-301F-11D3-BF4B-00C04F79EFBC}") = "Unity.2D.Common.Editor", "Unity.2D.Common.Editor.csproj", "{8640A3DF-70A5-1C0F-2532-61149EF0B7AA}"
EndProject
Project("{FAE04EC0-301F-11D3-BF4B-00C04F79EFBC}") = "Unity.Mathematics.Editor", "Unity.Mathematics.Editor.csproj", "{3DF7B8BA-4240-F27D-13C7-EE460BF9D1BB}"
EndProject
Project("{FAE04EC0-301F-11D3-BF4B-00C04F79EFBC}") = "PlayFabSDKEditor", "PlayFabSDKEditor.csproj", "{48B13CDD-2117-ECD8-D184-59046EDB0409}"
EndProject
Project("{FAE04EC0-301F-11D3-BF4B-00C04F79EFBC}") = "Unity.InternalAPIEditorBridge.001", "Unity.InternalAPIEditorBridge.001.csproj", "{8069B270-FB57-C706-17D7-89728E222BA0}"
EndProject
Project("{FAE04EC0-301F-11D3-BF4B-00C04F79EFBC}") = "Assembly-CSharp-Editor-firstpass", "Assembly-CSharp-Editor-firstpass.csproj", "{F75FA901-C78D-D61D-2FF7-FB5E8AB13975}"
EndProject
Project("{FAE04EC0-301F-11D3-BF4B-00C04F79EFBC}") = "UnityEngine.UI", "UnityEngine.UI.Player.csproj", "{1ED82973-5E38-63E3-A95F-727A578FFDEC}"
EndProject
Project("{FAE04EC0-301F-11D3-BF4B-00C04F79EFBC}") = "UnityEngine.TestRunner", "UnityEngine.TestRunner.Player.csproj", "{B653A4C9-C693-4196-251D-609850D75BBD}"
EndProject
Project("{FAE04EC0-301F-11D3-BF4B-00C04F79EFBC}") = "Unity.Mathematics", "Unity.Mathematics.Player.csproj", "{A4841C7B-1553-D679-5B8F-023AA2EFE0BB}"
EndProject
Project("{FAE04EC0-301F-11D3-BF4B-00C04F79EFBC}") = "Assembly-CSharp", "Assembly-CSharp.Player.csproj", "{59E8F575-415A-83C1-0C96-ABC06DBB6C45}"
EndProject
Project("{FAE04EC0-301F-11D3-BF4B-00C04F79EFBC}") = "PlayFab", "PlayFab.Player.csproj", "{254BCB7E-EF98-A6DA-1611-AAED41C9ADB2}"
EndProject
Project("{FAE04EC0-301F-11D3-BF4B-00C04F79EFBC}") = "Unity.Timeline", "Unity.Timeline.Player.csproj", "{EE751D67-A799-E1A5-23C3-AF3209A91607}"
EndProject
Project("{FAE04EC0-301F-11D3-BF4B-00C04F79EFBC}") = "Assembly-CSharp-firstpass", "Assembly-CSharp-firstpass.Player.csproj", "{F573E542-5085-3140-8EBD-F8CC30DFA830}"
EndProject
Project("{FAE04EC0-301F-11D3-BF4B-00C04F79EFBC}") = "Unity.2D.Animation.Triangle.Runtime", "Unity.2D.Animation.Triangle.Runtime.Player.csproj", "{EF15C6B7-6E8D-32FB-E13F-261EFCA72622}"
EndProject
Project("{FAE04EC0-301F-11D3-BF4B-00C04F79EFBC}") = "Unity.TextMeshPro", "Unity.TextMeshPro.Player.csproj", "{3F7A084A-2BC6-7CDD-0616-C06B9E16D7EC}"
EndProject
Project("{FAE04EC0-301F-11D3-BF4B-00C04F79EFBC}") = "Unity.2D.Animation.Runtime", "Unity.2D.Animation.Runtime.Player.csproj", "{8AB929CD-A103-F14B-7030-BD512A7E5CD6}"
EndProject
Project("{FAE04EC0-301F-11D3-BF4B-00C04F79EFBC}") = "Unity.2D.IK.Runtime", "Unity.2D.IK.Runtime.Player.csproj", "{2285A203-131D-E5A2-7100-639A4A933A36}"
EndProject
Project("{FAE04EC0-301F-11D3-BF4B-00C04F79EFBC}") = "Unity.2D.SpriteShape.Runtime", "Unity.2D.SpriteShape.Runtime.Player.csproj", "{B0563600-100A-5AFD-E624-EEDF0D7EBED2}"
EndProject
Project("{FAE04EC0-301F-11D3-BF4B-00C04F79EFBC}") = "Unity.2D.PixelPerfect", "Unity.2D.PixelPerfect.Player.csproj", "{E067A2BE-369E-E5D9-7909-9798B915217C}"
EndProject
Project("{FAE04EC0-301F-11D3-BF4B-00C04F79EFBC}") = "Unity.2D.Common.Runtime", "Unity.2D.Common.Runtime.Player.csproj", "{2D5FF246-F243-0535-CE6A-30715D84C8CF}"
EndProject
Project("{FAE04EC0-301F-11D3-BF4B-00C04F79EFBC}") = "Unity.InternalAPIEngineBridge.001", "Unity.InternalAPIEngineBridge.001.Player.csproj", "{86D006F6-4964-6AF8-59B9-4C6D6B119EE1}"
EndProject
Global
	GlobalSection(SolutionConfigurationPlatforms) = preSolution
		Debug|Any CPU = Debug|Any CPU
		Release|Any CPU = Release|Any CPU
	EndGlobalSection
	GlobalSection(ProjectConfigurationPlatforms) = postSolution
		{D1D91E46-12B6-86C2-ACB1-10FC5444E34A}.Debug|Any CPU.ActiveCfg = Debug|Any CPU
		{D1D91E46-12B6-86C2-ACB1-10FC5444E34A}.Debug|Any CPU.Build.0 = Debug|Any CPU
		{D1D91E46-12B6-86C2-ACB1-10FC5444E34A}.Release|Any CPU.ActiveCfg = Release|Any CPU
		{D1D91E46-12B6-86C2-ACB1-10FC5444E34A}.Release|Any CPU.Build.0 = Release|Any CPU
		{4EF64306-5A08-FF9F-E85C-C09BAE2E5CBB}.Debug|Any CPU.ActiveCfg = Debug|Any CPU
		{4EF64306-5A08-FF9F-E85C-C09BAE2E5CBB}.Debug|Any CPU.Build.0 = Debug|Any CPU
		{4EF64306-5A08-FF9F-E85C-C09BAE2E5CBB}.Release|Any CPU.ActiveCfg = Release|Any CPU
		{4EF64306-5A08-FF9F-E85C-C09BAE2E5CBB}.Release|Any CPU.Build.0 = Release|Any CPU
		{320C202C-EC42-18D1-43DD-BEAD70C8A41A}.Debug|Any CPU.ActiveCfg = Debug|Any CPU
		{320C202C-EC42-18D1-43DD-BEAD70C8A41A}.Debug|Any CPU.Build.0 = Debug|Any CPU
		{320C202C-EC42-18D1-43DD-BEAD70C8A41A}.Release|Any CPU.ActiveCfg = Release|Any CPU
		{320C202C-EC42-18D1-43DD-BEAD70C8A41A}.Release|Any CPU.Build.0 = Release|Any CPU
		{F802AC32-76E5-1B54-0BA0-9E6C80D7AD1F}.Debug|Any CPU.ActiveCfg = Debug|Any CPU
		{F802AC32-76E5-1B54-0BA0-9E6C80D7AD1F}.Debug|Any CPU.Build.0 = Debug|Any CPU
		{F802AC32-76E5-1B54-0BA0-9E6C80D7AD1F}.Release|Any CPU.ActiveCfg = Release|Any CPU
		{F802AC32-76E5-1B54-0BA0-9E6C80D7AD1F}.Release|Any CPU.Build.0 = Release|Any CPU
		{60E4F174-EFD9-7DC5-A846-F142643F37DF}.Debug|Any CPU.ActiveCfg = Debug|Any CPU
		{60E4F174-EFD9-7DC5-A846-F142643F37DF}.Debug|Any CPU.Build.0 = Debug|Any CPU
		{60E4F174-EFD9-7DC5-A846-F142643F37DF}.Release|Any CPU.ActiveCfg = Release|Any CPU
		{60E4F174-EFD9-7DC5-A846-F142643F37DF}.Release|Any CPU.Build.0 = Release|Any CPU
		{63C9259E-6374-1058-3FCF-3C4036D36432}.Debug|Any CPU.ActiveCfg = Debug|Any CPU
		{63C9259E-6374-1058-3FCF-3C4036D36432}.Debug|Any CPU.Build.0 = Debug|Any CPU
		{63C9259E-6374-1058-3FCF-3C4036D36432}.Release|Any CPU.ActiveCfg = Release|Any CPU
		{63C9259E-6374-1058-3FCF-3C4036D36432}.Release|Any CPU.Build.0 = Release|Any CPU
		{A7E5DFC4-32B9-0C88-2C90-CECD4369F60A}.Debug|Any CPU.ActiveCfg = Debug|Any CPU
		{A7E5DFC4-32B9-0C88-2C90-CECD4369F60A}.Debug|Any CPU.Build.0 = Debug|Any CPU
		{A7E5DFC4-32B9-0C88-2C90-CECD4369F60A}.Release|Any CPU.ActiveCfg = Release|Any CPU
		{A7E5DFC4-32B9-0C88-2C90-CECD4369F60A}.Release|Any CPU.Build.0 = Release|Any CPU
		{FDDF4690-8B7F-4B2E-692E-8B2F46224FF4}.Debug|Any CPU.ActiveCfg = Debug|Any CPU
		{FDDF4690-8B7F-4B2E-692E-8B2F46224FF4}.Debug|Any CPU.Build.0 = Debug|Any CPU
		{FDDF4690-8B7F-4B2E-692E-8B2F46224FF4}.Release|Any CPU.ActiveCfg = Release|Any CPU
		{FDDF4690-8B7F-4B2E-692E-8B2F46224FF4}.Release|Any CPU.Build.0 = Release|Any CPU
		{6F59752B-09C5-E8E1-7EAE-FCC90BACC99D}.Debug|Any CPU.ActiveCfg = Debug|Any CPU
		{6F59752B-09C5-E8E1-7EAE-FCC90BACC99D}.Debug|Any CPU.Build.0 = Debug|Any CPU
		{6F59752B-09C5-E8E1-7EAE-FCC90BACC99D}.Release|Any CPU.ActiveCfg = Release|Any CPU
		{6F59752B-09C5-E8E1-7EAE-FCC90BACC99D}.Release|Any CPU.Build.0 = Release|Any CPU
		{7D924F93-CA9F-6C3C-8219-3B16B3B23EF5}.Debug|Any CPU.ActiveCfg = Debug|Any CPU
		{7D924F93-CA9F-6C3C-8219-3B16B3B23EF5}.Debug|Any CPU.Build.0 = Debug|Any CPU
		{7D924F93-CA9F-6C3C-8219-3B16B3B23EF5}.Release|Any CPU.ActiveCfg = Release|Any CPU
		{7D924F93-CA9F-6C3C-8219-3B16B3B23EF5}.Release|Any CPU.Build.0 = Release|Any CPU
		{4492686C-DE85-E3B9-A36C-374F249F4B6A}.Debug|Any CPU.ActiveCfg = Debug|Any CPU
		{4492686C-DE85-E3B9-A36C-374F249F4B6A}.Debug|Any CPU.Build.0 = Debug|Any CPU
		{4492686C-DE85-E3B9-A36C-374F249F4B6A}.Release|Any CPU.ActiveCfg = Release|Any CPU
		{4492686C-DE85-E3B9-A36C-374F249F4B6A}.Release|Any CPU.Build.0 = Release|Any CPU
		{A2A83786-3E56-D04C-822E-64192CF031B8}.Debug|Any CPU.ActiveCfg = Debug|Any CPU
		{A2A83786-3E56-D04C-822E-64192CF031B8}.Debug|Any CPU.Build.0 = Debug|Any CPU
		{A2A83786-3E56-D04C-822E-64192CF031B8}.Release|Any CPU.ActiveCfg = Release|Any CPU
		{A2A83786-3E56-D04C-822E-64192CF031B8}.Release|Any CPU.Build.0 = Release|Any CPU
		{BEF432A4-F197-6072-064B-80FA23C10A52}.Debug|Any CPU.ActiveCfg = Debug|Any CPU
		{BEF432A4-F197-6072-064B-80FA23C10A52}.Debug|Any CPU.Build.0 = Debug|Any CPU
		{BEF432A4-F197-6072-064B-80FA23C10A52}.Release|Any CPU.ActiveCfg = Release|Any CPU
		{BEF432A4-F197-6072-064B-80FA23C10A52}.Release|Any CPU.Build.0 = Release|Any CPU
		{4E9EB2BB-4464-C9BB-7DB4-95070282CFCB}.Debug|Any CPU.ActiveCfg = Debug|Any CPU
		{4E9EB2BB-4464-C9BB-7DB4-95070282CFCB}.Debug|Any CPU.Build.0 = Debug|Any CPU
		{4E9EB2BB-4464-C9BB-7DB4-95070282CFCB}.Release|Any CPU.ActiveCfg = Release|Any CPU
		{4E9EB2BB-4464-C9BB-7DB4-95070282CFCB}.Release|Any CPU.Build.0 = Release|Any CPU
		{3CFE0B34-2BA4-42DD-37A2-EA93C7ECBA68}.Debug|Any CPU.ActiveCfg = Debug|Any CPU
		{3CFE0B34-2BA4-42DD-37A2-EA93C7ECBA68}.Debug|Any CPU.Build.0 = Debug|Any CPU
		{3CFE0B34-2BA4-42DD-37A2-EA93C7ECBA68}.Release|Any CPU.ActiveCfg = Release|Any CPU
		{3CFE0B34-2BA4-42DD-37A2-EA93C7ECBA68}.Release|Any CPU.Build.0 = Release|Any CPU
		{47BB001E-1B2B-F768-53D3-F77706BC48B2}.Debug|Any CPU.ActiveCfg = Debug|Any CPU
		{47BB001E-1B2B-F768-53D3-F77706BC48B2}.Debug|Any CPU.Build.0 = Debug|Any CPU
		{47BB001E-1B2B-F768-53D3-F77706BC48B2}.Release|Any CPU.ActiveCfg = Release|Any CPU
		{47BB001E-1B2B-F768-53D3-F77706BC48B2}.Release|Any CPU.Build.0 = Release|Any CPU
		{07C96C88-F99A-9C7B-FFFD-6221EDBB587F}.Debug|Any CPU.ActiveCfg = Debug|Any CPU
		{07C96C88-F99A-9C7B-FFFD-6221EDBB587F}.Debug|Any CPU.Build.0 = Debug|Any CPU
		{07C96C88-F99A-9C7B-FFFD-6221EDBB587F}.Release|Any CPU.ActiveCfg = Release|Any CPU
		{07C96C88-F99A-9C7B-FFFD-6221EDBB587F}.Release|Any CPU.Build.0 = Release|Any CPU
		{CD9F7A18-6134-44EC-DE92-21B4443C640C}.Debug|Any CPU.ActiveCfg = Debug|Any CPU
		{CD9F7A18-6134-44EC-DE92-21B4443C640C}.Debug|Any CPU.Build.0 = Debug|Any CPU
		{CD9F7A18-6134-44EC-DE92-21B4443C640C}.Release|Any CPU.ActiveCfg = Release|Any CPU
		{CD9F7A18-6134-44EC-DE92-21B4443C640C}.Release|Any CPU.Build.0 = Release|Any CPU
		{06B4C04B-6240-73D4-8832-C43DD3E5545C}.Debug|Any CPU.ActiveCfg = Debug|Any CPU
		{06B4C04B-6240-73D4-8832-C43DD3E5545C}.Debug|Any CPU.Build.0 = Debug|Any CPU
		{06B4C04B-6240-73D4-8832-C43DD3E5545C}.Release|Any CPU.ActiveCfg = Release|Any CPU
		{06B4C04B-6240-73D4-8832-C43DD3E5545C}.Release|Any CPU.Build.0 = Release|Any CPU
		{4E669AFD-0EDC-C71A-55AA-AB2BE159BCC9}.Debug|Any CPU.ActiveCfg = Debug|Any CPU
		{4E669AFD-0EDC-C71A-55AA-AB2BE159BCC9}.Debug|Any CPU.Build.0 = Debug|Any CPU
		{4E669AFD-0EDC-C71A-55AA-AB2BE159BCC9}.Release|Any CPU.ActiveCfg = Release|Any CPU
		{4E669AFD-0EDC-C71A-55AA-AB2BE159BCC9}.Release|Any CPU.Build.0 = Release|Any CPU
		{B02779D2-E39F-1E96-56B8-4E844C1D3BD3}.Debug|Any CPU.ActiveCfg = Debug|Any CPU
		{B02779D2-E39F-1E96-56B8-4E844C1D3BD3}.Debug|Any CPU.Build.0 = Debug|Any CPU
		{B02779D2-E39F-1E96-56B8-4E844C1D3BD3}.Release|Any CPU.ActiveCfg = Release|Any CPU
		{B02779D2-E39F-1E96-56B8-4E844C1D3BD3}.Release|Any CPU.Build.0 = Release|Any CPU
		{AD4D81AD-65C6-3576-D9AB-F2D2DE089EC2}.Debug|Any CPU.ActiveCfg = Debug|Any CPU
		{AD4D81AD-65C6-3576-D9AB-F2D2DE089EC2}.Debug|Any CPU.Build.0 = Debug|Any CPU
		{AD4D81AD-65C6-3576-D9AB-F2D2DE089EC2}.Release|Any CPU.ActiveCfg = Release|Any CPU
		{AD4D81AD-65C6-3576-D9AB-F2D2DE089EC2}.Release|Any CPU.Build.0 = Release|Any CPU
		{D11B31A9-EDEA-D9A1-31DB-6A9A1CB6C05A}.Debug|Any CPU.ActiveCfg = Debug|Any CPU
		{D11B31A9-EDEA-D9A1-31DB-6A9A1CB6C05A}.Debug|Any CPU.Build.0 = Debug|Any CPU
		{D11B31A9-EDEA-D9A1-31DB-6A9A1CB6C05A}.Release|Any CPU.ActiveCfg = Release|Any CPU
		{D11B31A9-EDEA-D9A1-31DB-6A9A1CB6C05A}.Release|Any CPU.Build.0 = Release|Any CPU
		{7D42C22C-A8CA-CF62-9562-3B4D7A149515}.Debug|Any CPU.ActiveCfg = Debug|Any CPU
		{7D42C22C-A8CA-CF62-9562-3B4D7A149515}.Debug|Any CPU.Build.0 = Debug|Any CPU
		{7D42C22C-A8CA-CF62-9562-3B4D7A149515}.Release|Any CPU.ActiveCfg = Release|Any CPU
		{7D42C22C-A8CA-CF62-9562-3B4D7A149515}.Release|Any CPU.Build.0 = Release|Any CPU
		{F815DDC3-B75B-32FF-0E39-03BECE0C9B0A}.Debug|Any CPU.ActiveCfg = Debug|Any CPU
		{F815DDC3-B75B-32FF-0E39-03BECE0C9B0A}.Debug|Any CPU.Build.0 = Debug|Any CPU
		{F815DDC3-B75B-32FF-0E39-03BECE0C9B0A}.Release|Any CPU.ActiveCfg = Release|Any CPU
		{F815DDC3-B75B-32FF-0E39-03BECE0C9B0A}.Release|Any CPU.Build.0 = Release|Any CPU
		{D6488845-5B61-88F3-DF41-CF8CAF2F0D14}.Debug|Any CPU.ActiveCfg = Debug|Any CPU
		{D6488845-5B61-88F3-DF41-CF8CAF2F0D14}.Debug|Any CPU.Build.0 = Debug|Any CPU
		{D6488845-5B61-88F3-DF41-CF8CAF2F0D14}.Release|Any CPU.ActiveCfg = Release|Any CPU
		{D6488845-5B61-88F3-DF41-CF8CAF2F0D14}.Release|Any CPU.Build.0 = Release|Any CPU
		{1FCBB888-54FB-F958-25F1-F9C89CD44E33}.Debug|Any CPU.ActiveCfg = Debug|Any CPU
		{1FCBB888-54FB-F958-25F1-F9C89CD44E33}.Debug|Any CPU.Build.0 = Debug|Any CPU
		{1FCBB888-54FB-F958-25F1-F9C89CD44E33}.Release|Any CPU.ActiveCfg = Release|Any CPU
		{1FCBB888-54FB-F958-25F1-F9C89CD44E33}.Release|Any CPU.Build.0 = Release|Any CPU
		{F59BCF37-05D6-42CC-997C-DF0F15A6A626}.Debug|Any CPU.ActiveCfg = Debug|Any CPU
		{F59BCF37-05D6-42CC-997C-DF0F15A6A626}.Debug|Any CPU.Build.0 = Debug|Any CPU
		{F59BCF37-05D6-42CC-997C-DF0F15A6A626}.Release|Any CPU.ActiveCfg = Release|Any CPU
		{F59BCF37-05D6-42CC-997C-DF0F15A6A626}.Release|Any CPU.Build.0 = Release|Any CPU
		{FA2DFE2A-E96D-D125-A9E6-779E0CC3C23B}.Debug|Any CPU.ActiveCfg = Debug|Any CPU
		{FA2DFE2A-E96D-D125-A9E6-779E0CC3C23B}.Debug|Any CPU.Build.0 = Debug|Any CPU
		{FA2DFE2A-E96D-D125-A9E6-779E0CC3C23B}.Release|Any CPU.ActiveCfg = Release|Any CPU
		{FA2DFE2A-E96D-D125-A9E6-779E0CC3C23B}.Release|Any CPU.Build.0 = Release|Any CPU
		{C06C4B90-D8C8-A18A-38FD-4AC9CCECA16D}.Debug|Any CPU.ActiveCfg = Debug|Any CPU
		{C06C4B90-D8C8-A18A-38FD-4AC9CCECA16D}.Debug|Any CPU.Build.0 = Debug|Any CPU
		{C06C4B90-D8C8-A18A-38FD-4AC9CCECA16D}.Release|Any CPU.ActiveCfg = Release|Any CPU
		{C06C4B90-D8C8-A18A-38FD-4AC9CCECA16D}.Release|Any CPU.Build.0 = Release|Any CPU
		{9EF46DD2-0A52-EFDA-54F9-59FC17E10A1D}.Debug|Any CPU.ActiveCfg = Debug|Any CPU
		{9EF46DD2-0A52-EFDA-54F9-59FC17E10A1D}.Debug|Any CPU.Build.0 = Debug|Any CPU
		{9EF46DD2-0A52-EFDA-54F9-59FC17E10A1D}.Release|Any CPU.ActiveCfg = Release|Any CPU
		{9EF46DD2-0A52-EFDA-54F9-59FC17E10A1D}.Release|Any CPU.Build.0 = Release|Any CPU
		{47D6CD63-EE1C-32FA-CB1D-9DD0A6DBE356}.Debug|Any CPU.ActiveCfg = Debug|Any CPU
		{47D6CD63-EE1C-32FA-CB1D-9DD0A6DBE356}.Debug|Any CPU.Build.0 = Debug|Any CPU
		{47D6CD63-EE1C-32FA-CB1D-9DD0A6DBE356}.Release|Any CPU.ActiveCfg = Release|Any CPU
		{47D6CD63-EE1C-32FA-CB1D-9DD0A6DBE356}.Release|Any CPU.Build.0 = Release|Any CPU
		{74A1126F-CA43-5791-90D2-8203759EDDBE}.Debug|Any CPU.ActiveCfg = Debug|Any CPU
		{74A1126F-CA43-5791-90D2-8203759EDDBE}.Debug|Any CPU.Build.0 = Debug|Any CPU
		{74A1126F-CA43-5791-90D2-8203759EDDBE}.Release|Any CPU.ActiveCfg = Release|Any CPU
		{74A1126F-CA43-5791-90D2-8203759EDDBE}.Release|Any CPU.Build.0 = Release|Any CPU
		{614D16EC-CD2D-C8D5-206D-FACEE47C2FFA}.Debug|Any CPU.ActiveCfg = Debug|Any CPU
		{614D16EC-CD2D-C8D5-206D-FACEE47C2FFA}.Debug|Any CPU.Build.0 = Debug|Any CPU
		{614D16EC-CD2D-C8D5-206D-FACEE47C2FFA}.Release|Any CPU.ActiveCfg = Release|Any CPU
		{614D16EC-CD2D-C8D5-206D-FACEE47C2FFA}.Release|Any CPU.Build.0 = Release|Any CPU
		{6E2B1B75-A261-655F-4115-15DE2549163C}.Debug|Any CPU.ActiveCfg = Debug|Any CPU
		{6E2B1B75-A261-655F-4115-15DE2549163C}.Debug|Any CPU.Build.0 = Debug|Any CPU
		{6E2B1B75-A261-655F-4115-15DE2549163C}.Release|Any CPU.ActiveCfg = Release|Any CPU
		{6E2B1B75-A261-655F-4115-15DE2549163C}.Release|Any CPU.Build.0 = Release|Any CPU
		{8640A3DF-70A5-1C0F-2532-61149EF0B7AA}.Debug|Any CPU.ActiveCfg = Debug|Any CPU
		{8640A3DF-70A5-1C0F-2532-61149EF0B7AA}.Debug|Any CPU.Build.0 = Debug|Any CPU
		{8640A3DF-70A5-1C0F-2532-61149EF0B7AA}.Release|Any CPU.ActiveCfg = Release|Any CPU
		{8640A3DF-70A5-1C0F-2532-61149EF0B7AA}.Release|Any CPU.Build.0 = Release|Any CPU
		{3DF7B8BA-4240-F27D-13C7-EE460BF9D1BB}.Debug|Any CPU.ActiveCfg = Debug|Any CPU
		{3DF7B8BA-4240-F27D-13C7-EE460BF9D1BB}.Debug|Any CPU.Build.0 = Debug|Any CPU
		{3DF7B8BA-4240-F27D-13C7-EE460BF9D1BB}.Release|Any CPU.ActiveCfg = Release|Any CPU
		{3DF7B8BA-4240-F27D-13C7-EE460BF9D1BB}.Release|Any CPU.Build.0 = Release|Any CPU
		{48B13CDD-2117-ECD8-D184-59046EDB0409}.Debug|Any CPU.ActiveCfg = Debug|Any CPU
		{48B13CDD-2117-ECD8-D184-59046EDB0409}.Debug|Any CPU.Build.0 = Debug|Any CPU
		{48B13CDD-2117-ECD8-D184-59046EDB0409}.Release|Any CPU.ActiveCfg = Release|Any CPU
		{48B13CDD-2117-ECD8-D184-59046EDB0409}.Release|Any CPU.Build.0 = Release|Any CPU
		{8069B270-FB57-C706-17D7-89728E222BA0}.Debug|Any CPU.ActiveCfg = Debug|Any CPU
		{8069B270-FB57-C706-17D7-89728E222BA0}.Debug|Any CPU.Build.0 = Debug|Any CPU
		{8069B270-FB57-C706-17D7-89728E222BA0}.Release|Any CPU.ActiveCfg = Release|Any CPU
		{8069B270-FB57-C706-17D7-89728E222BA0}.Release|Any CPU.Build.0 = Release|Any CPU
		{F75FA901-C78D-D61D-2FF7-FB5E8AB13975}.Debug|Any CPU.ActiveCfg = Debug|Any CPU
		{F75FA901-C78D-D61D-2FF7-FB5E8AB13975}.Debug|Any CPU.Build.0 = Debug|Any CPU
		{F75FA901-C78D-D61D-2FF7-FB5E8AB13975}.Release|Any CPU.ActiveCfg = Release|Any CPU
		{F75FA901-C78D-D61D-2FF7-FB5E8AB13975}.Release|Any CPU.Build.0 = Release|Any CPU
		{1ED82973-5E38-63E3-A95F-727A578FFDEC}.Debug|Any CPU.ActiveCfg = Debug|Any CPU
		{1ED82973-5E38-63E3-A95F-727A578FFDEC}.Debug|Any CPU.Build.0 = Debug|Any CPU
		{1ED82973-5E38-63E3-A95F-727A578FFDEC}.Release|Any CPU.ActiveCfg = Release|Any CPU
		{1ED82973-5E38-63E3-A95F-727A578FFDEC}.Release|Any CPU.Build.0 = Release|Any CPU
		{B653A4C9-C693-4196-251D-609850D75BBD}.Debug|Any CPU.ActiveCfg = Debug|Any CPU
		{B653A4C9-C693-4196-251D-609850D75BBD}.Debug|Any CPU.Build.0 = Debug|Any CPU
		{B653A4C9-C693-4196-251D-609850D75BBD}.Release|Any CPU.ActiveCfg = Release|Any CPU
		{B653A4C9-C693-4196-251D-609850D75BBD}.Release|Any CPU.Build.0 = Release|Any CPU
		{A4841C7B-1553-D679-5B8F-023AA2EFE0BB}.Debug|Any CPU.ActiveCfg = Debug|Any CPU
		{A4841C7B-1553-D679-5B8F-023AA2EFE0BB}.Debug|Any CPU.Build.0 = Debug|Any CPU
		{A4841C7B-1553-D679-5B8F-023AA2EFE0BB}.Release|Any CPU.ActiveCfg = Release|Any CPU
		{A4841C7B-1553-D679-5B8F-023AA2EFE0BB}.Release|Any CPU.Build.0 = Release|Any CPU
		{59E8F575-415A-83C1-0C96-ABC06DBB6C45}.Debug|Any CPU.ActiveCfg = Debug|Any CPU
		{59E8F575-415A-83C1-0C96-ABC06DBB6C45}.Debug|Any CPU.Build.0 = Debug|Any CPU
		{59E8F575-415A-83C1-0C96-ABC06DBB6C45}.Release|Any CPU.ActiveCfg = Release|Any CPU
		{59E8F575-415A-83C1-0C96-ABC06DBB6C45}.Release|Any CPU.Build.0 = Release|Any CPU
		{254BCB7E-EF98-A6DA-1611-AAED41C9ADB2}.Debug|Any CPU.ActiveCfg = Debug|Any CPU
		{254BCB7E-EF98-A6DA-1611-AAED41C9ADB2}.Debug|Any CPU.Build.0 = Debug|Any CPU
		{254BCB7E-EF98-A6DA-1611-AAED41C9ADB2}.Release|Any CPU.ActiveCfg = Release|Any CPU
		{254BCB7E-EF98-A6DA-1611-AAED41C9ADB2}.Release|Any CPU.Build.0 = Release|Any CPU
		{EE751D67-A799-E1A5-23C3-AF3209A91607}.Debug|Any CPU.ActiveCfg = Debug|Any CPU
		{EE751D67-A799-E1A5-23C3-AF3209A91607}.Debug|Any CPU.Build.0 = Debug|Any CPU
		{EE751D67-A799-E1A5-23C3-AF3209A91607}.Release|Any CPU.ActiveCfg = Release|Any CPU
		{EE751D67-A799-E1A5-23C3-AF3209A91607}.Release|Any CPU.Build.0 = Release|Any CPU
		{F573E542-5085-3140-8EBD-F8CC30DFA830}.Debug|Any CPU.ActiveCfg = Debug|Any CPU
		{F573E542-5085-3140-8EBD-F8CC30DFA830}.Debug|Any CPU.Build.0 = Debug|Any CPU
		{F573E542-5085-3140-8EBD-F8CC30DFA830}.Release|Any CPU.ActiveCfg = Release|Any CPU
		{F573E542-5085-3140-8EBD-F8CC30DFA830}.Release|Any CPU.Build.0 = Release|Any CPU
		{EF15C6B7-6E8D-32FB-E13F-261EFCA72622}.Debug|Any CPU.ActiveCfg = Debug|Any CPU
		{EF15C6B7-6E8D-32FB-E13F-261EFCA72622}.Debug|Any CPU.Build.0 = Debug|Any CPU
		{EF15C6B7-6E8D-32FB-E13F-261EFCA72622}.Release|Any CPU.ActiveCfg = Release|Any CPU
		{EF15C6B7-6E8D-32FB-E13F-261EFCA72622}.Release|Any CPU.Build.0 = Release|Any CPU
		{3F7A084A-2BC6-7CDD-0616-C06B9E16D7EC}.Debug|Any CPU.ActiveCfg = Debug|Any CPU
		{3F7A084A-2BC6-7CDD-0616-C06B9E16D7EC}.Debug|Any CPU.Build.0 = Debug|Any CPU
		{3F7A084A-2BC6-7CDD-0616-C06B9E16D7EC}.Release|Any CPU.ActiveCfg = Release|Any CPU
		{3F7A084A-2BC6-7CDD-0616-C06B9E16D7EC}.Release|Any CPU.Build.0 = Release|Any CPU
		{8AB929CD-A103-F14B-7030-BD512A7E5CD6}.Debug|Any CPU.ActiveCfg = Debug|Any CPU
		{8AB929CD-A103-F14B-7030-BD512A7E5CD6}.Debug|Any CPU.Build.0 = Debug|Any CPU
		{8AB929CD-A103-F14B-7030-BD512A7E5CD6}.Release|Any CPU.ActiveCfg = Release|Any CPU
		{8AB929CD-A103-F14B-7030-BD512A7E5CD6}.Release|Any CPU.Build.0 = Release|Any CPU
		{2285A203-131D-E5A2-7100-639A4A933A36}.Debug|Any CPU.ActiveCfg = Debug|Any CPU
		{2285A203-131D-E5A2-7100-639A4A933A36}.Debug|Any CPU.Build.0 = Debug|Any CPU
		{2285A203-131D-E5A2-7100-639A4A933A36}.Release|Any CPU.ActiveCfg = Release|Any CPU
		{2285A203-131D-E5A2-7100-639A4A933A36}.Release|Any CPU.Build.0 = Release|Any CPU
		{B0563600-100A-5AFD-E624-EEDF0D7EBED2}.Debug|Any CPU.ActiveCfg = Debug|Any CPU
		{B0563600-100A-5AFD-E624-EEDF0D7EBED2}.Debug|Any CPU.Build.0 = Debug|Any CPU
		{B0563600-100A-5AFD-E624-EEDF0D7EBED2}.Release|Any CPU.ActiveCfg = Release|Any CPU
		{B0563600-100A-5AFD-E624-EEDF0D7EBED2}.Release|Any CPU.Build.0 = Release|Any CPU
		{E067A2BE-369E-E5D9-7909-9798B915217C}.Debug|Any CPU.ActiveCfg = Debug|Any CPU
		{E067A2BE-369E-E5D9-7909-9798B915217C}.Debug|Any CPU.Build.0 = Debug|Any CPU
		{E067A2BE-369E-E5D9-7909-9798B915217C}.Release|Any CPU.ActiveCfg = Release|Any CPU
		{E067A2BE-369E-E5D9-7909-9798B915217C}.Release|Any CPU.Build.0 = Release|Any CPU
		{2D5FF246-F243-0535-CE6A-30715D84C8CF}.Debug|Any CPU.ActiveCfg = Debug|Any CPU
		{2D5FF246-F243-0535-CE6A-30715D84C8CF}.Debug|Any CPU.Build.0 = Debug|Any CPU
		{2D5FF246-F243-0535-CE6A-30715D84C8CF}.Release|Any CPU.ActiveCfg = Release|Any CPU
		{2D5FF246-F243-0535-CE6A-30715D84C8CF}.Release|Any CPU.Build.0 = Release|Any CPU
		{86D006F6-4964-6AF8-59B9-4C6D6B119EE1}.Debug|Any CPU.ActiveCfg = Debug|Any CPU
		{86D006F6-4964-6AF8-59B9-4C6D6B119EE1}.Debug|Any CPU.Build.0 = Debug|Any CPU
		{86D006F6-4964-6AF8-59B9-4C6D6B119EE1}.Release|Any CPU.ActiveCfg = Release|Any CPU
		{86D006F6-4964-6AF8-59B9-4C6D6B119EE1}.Release|Any CPU.Build.0 = Release|Any CPU
	EndGlobalSection
	GlobalSection(SolutionProperties) = preSolution
		HideSolutionNode = FALSE
	EndGlobalSection
EndGlobal
